{
  "name": "node-example",
  "version": "1.0.0",
  "lockfileVersion": 1,
  "requires": true,
  "dependencies": {
    "@tokenizer/token": {
      "version": "0.1.1",
      "resolved": "https://registry.nlark.com/@tokenizer/token/download/@tokenizer/token-0.1.1.tgz",
      "integrity": "sha1-8NksEvhwed39Gyn2FHWLlpa8KeM="
    },
    "adler-32": {
      "version": "1.2.0",
      "resolved": "https://registry.nlark.com/adler-32/download/adler-32-1.2.0.tgz",
      "integrity": "sha1-aj5r8KY5ALoVZSgIyxXGgT0aXyU=",
      "requires": {
        "exit-on-epipe": "~1.0.1",
        "printj": "~1.1.0"
      }
    },
    "any-text": {
      "version": "1.2.0",
      "resolved": "https://registry.nlark.com/any-text/download/any-text-1.2.0.tgz",
      "integrity": "sha1-ZeJiltFuse/4YiwTKBf5bJd+0is=",
      "requires": {
        "node-stream-zip": "^1.11.2",
        "pdf-parse": "^1.1.1",
        "word-extractor": "^0.3.0",
        "xlsx": "^0.16.3"
      }
    },
    "argparse": {
      "version": "2.0.1",
      "resolved": "https://registry.npm.taobao.org/argparse/download/argparse-2.0.1.tgz",
      "integrity": "sha1-JG9Q88p4oyQPbJl+ipvR6sSeSzg="
    },
    "async": {
      "version": "1.5.2",
      "resolved": "https://registry.nlark.com/async/download/async-1.5.2.tgz",
      "integrity": "sha1-7GphrlZIDAw8skHJVhjiCJL5Zyo="
    },
    "at-least-node": {
      "version": "1.0.0",
      "resolved": "https://registry.npm.taobao.org/at-least-node/download/at-least-node-1.0.0.tgz",
      "integrity": "sha1-YCzUtG6EStTv/JKoARo8RuAjjcI="
    },
    "base64-js": {
      "version": "1.5.1",
      "resolved": "https://registry.npm.taobao.org/base64-js/download/base64-js-1.5.1.tgz",
      "integrity": "sha1-GxtEAWClv3rUC2UPCVljSBkDkwo="
    },
    "bl": {
      "version": "1.2.3",
      "resolved": "https://registry.npm.taobao.org/bl/download/bl-1.2.3.tgz",
      "integrity": "sha1-Ho3YAULqyA1xWMnczAR/tiDgNec=",
      "requires": {
        "readable-stream": "^2.3.5",
        "safe-buffer": "^5.1.1"
      }
    },
    "bluebird": {
      "version": "3.4.7",
      "resolved": "https://registry.npm.taobao.org/bluebird/download/bluebird-3.4.7.tgz?cache=0&sync_timestamp=1589683985169&other_urls=https%3A%2F%2Fregistry.npm.taobao.org%2Fbluebird%2Fdownload%2Fbluebird-3.4.7.tgz",
      "integrity": "sha1-9y12C+Cbf3bQjtj66Ysomo0F+rM="
    },
    "buffer": {
      "version": "5.7.1",
      "resolved": "https://registry.npm.taobao.org/buffer/download/buffer-5.7.1.tgz?cache=0&sync_timestamp=1606098142911&other_urls=https%3A%2F%2Fregistry.npm.taobao.org%2Fbuffer%2Fdownload%2Fbuffer-5.7.1.tgz",
      "integrity": "sha1-umLnwTEzBTWCGXFghRqPZI6Z7tA=",
      "requires": {
        "base64-js": "^1.3.1",
        "ieee754": "^1.1.13"
      }
    },
    "buffer-alloc": {
      "version": "1.2.0",
      "resolved": "https://registry.nlark.com/buffer-alloc/download/buffer-alloc-1.2.0.tgz",
      "integrity": "sha1-iQ3ZDZI6hz4I4Q5f1RpX5bfM4Ow=",
      "requires": {
        "buffer-alloc-unsafe": "^1.1.0",
        "buffer-fill": "^1.0.0"
      }
    },
    "buffer-alloc-unsafe": {
      "version": "1.1.0",
      "resolved": "https://registry.nlark.com/buffer-alloc-unsafe/download/buffer-alloc-unsafe-1.1.0.tgz",
      "integrity": "sha1-vX3CauKXLQ7aJTvgYdupkjScGfA="
    },
    "buffer-crc32": {
      "version": "0.2.13",
      "resolved": "https://registry.npm.taobao.org/buffer-crc32/download/buffer-crc32-0.2.13.tgz",
      "integrity": "sha1-DTM+PwDqxQqhRUq9MO+MKl2ackI="
    },
    "buffer-fill": {
      "version": "1.0.0",
      "resolved": "https://registry.nlark.com/buffer-fill/download/buffer-fill-1.0.0.tgz",
      "integrity": "sha1-+PeLdniYiO858gXNY39o5wISKyw="
    },
    "cfb": {
      "version": "1.2.0",
      "resolved": "https://registry.npm.taobao.org/cfb/download/cfb-1.2.0.tgz",
      "integrity": "sha1-ak0IcrUl7WA0nh71H7Swv3Psqag=",
      "requires": {
        "adler-32": "~1.2.0",
        "crc-32": "~1.2.0",
        "printj": "~1.1.2"
      }
    },
    "codepage": {
      "version": "1.14.0",
      "resolved": "https://registry.npm.taobao.org/codepage/download/codepage-1.14.0.tgz",
      "integrity": "sha1-jL4lSBMjVZ19MHVxsP/5HnodL5k=",
      "requires": {
        "commander": "~2.14.1",
        "exit-on-epipe": "~1.0.1"
      },
      "dependencies": {
        "commander": {
          "version": "2.14.1",
          "resolved": "https://registry.nlark.com/commander/download/commander-2.14.1.tgz",
          "integrity": "sha1-IjUSPjevjKPGXfRbAm29NXsBuao="
        }
      }
    },
    "commander": {
      "version": "2.17.1",
      "resolved": "https://registry.nlark.com/commander/download/commander-2.17.1.tgz",
      "integrity": "sha1-vXerfebelCBc6sxy8XFtKfIKd78="
    },
    "core-util-is": {
      "version": "1.0.2",
      "resolved": "https://registry.nlark.com/core-util-is/download/core-util-is-1.0.2.tgz",
      "integrity": "sha1-tf1UIgqivFq1eqtxQMlAdUUDwac="
    },
    "crc-32": {
      "version": "1.2.0",
      "resolved": "https://registry.npm.taobao.org/crc-32/download/crc-32-1.2.0.tgz",
      "integrity": "sha1-yy224puIUI4y2d0OwWk+e0Ghggg=",
      "requires": {
        "exit-on-epipe": "~1.0.1",
        "printj": "~1.1.0"
      }
    },
    "debug": {
      "version": "3.2.7",
      "resolved": "https://registry.nlark.com/debug/download/debug-3.2.7.tgz",
      "integrity": "sha1-clgLfpFF+zm2Z2+cXl+xALk0F5o=",
      "requires": {
        "ms": "^2.1.1"
      }
    },
    "decompress": {
      "version": "4.2.1",
      "resolved": "https://registry.nlark.com/decompress/download/decompress-4.2.1.tgz",
      "integrity": "sha1-AH9VzGpiwFWvo3wH62pO4bdz8Rg=",
      "requires": {
        "decompress-tar": "^4.0.0",
        "decompress-tarbz2": "^4.0.0",
        "decompress-targz": "^4.0.0",
        "decompress-unzip": "^4.0.1",
        "graceful-fs": "^4.1.10",
        "make-dir": "^1.0.0",
        "pify": "^2.3.0",
        "strip-dirs": "^2.0.0"
      }
    },
    "decompress-tar": {
      "version": "4.1.1",
      "resolved": "https://registry.nlark.com/decompress-tar/download/decompress-tar-4.1.1.tgz",
      "integrity": "sha1-cYy9P8sWIJcW5womuE57pFkuWvE=",
      "requires": {
        "file-type": "^5.2.0",
        "is-stream": "^1.1.0",
        "tar-stream": "^1.5.2"
      },
      "dependencies": {
        "file-type": {
          "version": "5.2.0",
          "resolved": "https://registry.nlark.com/file-type/download/file-type-5.2.0.tgz?cache=0&sync_timestamp=1622181815948&other_urls=https%3A%2F%2Fregistry.nlark.com%2Ffile-type%2Fdownload%2Ffile-type-5.2.0.tgz",
          "integrity": "sha1-LdvqfHP/42No365J3DOMBYwritY="
        }
      }
    },
    "decompress-tarbz2": {
      "version": "4.1.1",
      "resolved": "https://registry.nlark.com/decompress-tarbz2/download/decompress-tarbz2-4.1.1.tgz",
      "integrity": "sha1-MIKluIDqQEOBY0nzeLVsUWvho5s=",
      "requires": {
        "decompress-tar": "^4.1.0",
        "file-type": "^6.1.0",
        "is-stream": "^1.1.0",
        "seek-bzip": "^1.0.5",
        "unbzip2-stream": "^1.0.9"
      },
      "dependencies": {
        "file-type": {
          "version": "6.2.0",
          "resolved": "https://registry.nlark.com/file-type/download/file-type-6.2.0.tgz?cache=0&sync_timestamp=1622181815948&other_urls=https%3A%2F%2Fregistry.nlark.com%2Ffile-type%2Fdownload%2Ffile-type-6.2.0.tgz",
          "integrity": "sha1-5QzXXTVv/tTjBtxPW89Sp5kDqRk="
        }
      }
    },
    "decompress-targz": {
      "version": "4.1.1",
      "resolved": "https://registry.npm.taobao.org/decompress-targz/download/decompress-targz-4.1.1.tgz",
      "integrity": "sha1-wJvDXE0R894J8tLaU+neI+fOHu4=",
      "requires": {
        "decompress-tar": "^4.1.1",
        "file-type": "^5.2.0",
        "is-stream": "^1.1.0"
      },
      "dependencies": {
        "file-type": {
          "version": "5.2.0",
          "resolved": "https://registry.nlark.com/file-type/download/file-type-5.2.0.tgz?cache=0&sync_timestamp=1622181815948&other_urls=https%3A%2F%2Fregistry.nlark.com%2Ffile-type%2Fdownload%2Ffile-type-5.2.0.tgz",
          "integrity": "sha1-LdvqfHP/42No365J3DOMBYwritY="
        }
      }
    },
    "decompress-unzip": {
      "version": "4.0.1",
      "resolved": "https://registry.npm.taobao.org/decompress-unzip/download/decompress-unzip-4.0.1.tgz",
      "integrity": "sha1-3qrM39FK6vhVePczroIQ+bSEj2k=",
      "requires": {
        "file-type": "^3.8.0",
        "get-stream": "^2.2.0",
        "pify": "^2.3.0",
        "yauzl": "^2.4.2"
      },
      "dependencies": {
        "file-type": {
          "version": "3.9.0",
          "resolved": "https://registry.nlark.com/file-type/download/file-type-3.9.0.tgz?cache=0&sync_timestamp=1622181815948&other_urls=https%3A%2F%2Fregistry.nlark.com%2Ffile-type%2Fdownload%2Ffile-type-3.9.0.tgz",
          "integrity": "sha1-JXoHg4TR24CHvESdEH1SpSZyuek="
        }
      }
    },
    "dingbat-to-unicode": {
      "version": "1.0.1",
      "resolved": "https://registry.npm.taobao.org/dingbat-to-unicode/download/dingbat-to-unicode-1.0.1.tgz",
      "integrity": "sha1-UJHdZzJBRT5rWGXiblpEUs3vXIM="
    },
    "duck": {
      "version": "0.1.12",
      "resolved": "https://registry.nlark.com/duck/download/duck-0.1.12.tgz",
      "integrity": "sha1-3nrfdYQhIwtteu55nOQmcFhrnvo=",
      "requires": {
        "underscore": "^1.13.1"
      }
    },
    "duplexer": {
      "version": "0.1.2",
      "resolved": "https://registry.nlark.com/duplexer/download/duplexer-0.1.2.tgz",
      "integrity": "sha1-Or5DrvODX4rgd9E23c4PJ2sEAOY="
    },
    "end-of-stream": {
      "version": "1.4.4",
      "resolved": "https://registry.nlark.com/end-of-stream/download/end-of-stream-1.4.4.tgz",
      "integrity": "sha1-WuZKX0UFe682JuwU2gyl5LJDHrA=",
      "requires": {
        "once": "^1.4.0"
      }
    },
    "event-stream": {
      "version": "3.3.5",
      "resolved": "https://registry.npm.taobao.org/event-stream/download/event-stream-3.3.5.tgz",
      "integrity": "sha1-5d2JiVQ2MNlMbPTWVxIDQfoxY2s=",
      "requires": {
        "duplexer": "^0.1.1",
        "from": "^0.1.7",
        "map-stream": "0.0.7",
        "pause-stream": "^0.0.11",
        "split": "^1.0.1",
        "stream-combiner": "^0.2.2",
        "through": "^2.3.8"
      }
    },
    "exit-on-epipe": {
      "version": "1.0.1",
      "resolved": "https://registry.npm.taobao.org/exit-on-epipe/download/exit-on-epipe-1.0.1.tgz",
      "integrity": "sha1-C92S6H1ShdJn2qgXHQ6wYVlolpI="
    },
    "fd-slicer": {
      "version": "1.1.0",
      "resolved": "https://registry.nlark.com/fd-slicer/download/fd-slicer-1.1.0.tgz",
      "integrity": "sha1-JcfInLH5B3+IkbvmHY85Dq4lbx4=",
      "requires": {
        "pend": "~1.2.0"
      }
    },
    "fflate": {
      "version": "0.3.11",
      "resolved": "https://registry.nlark.com/fflate/download/fflate-0.3.11.tgz",
      "integrity": "sha1-LEQNcYD964GeZImNiFivMnsEKl0="
    },
    "file-type": {
      "version": "16.5.0",
      "resolved": "https://registry.nlark.com/file-type/download/file-type-16.5.0.tgz?cache=0&sync_timestamp=1622181815948&other_urls=https%3A%2F%2Fregistry.nlark.com%2Ffile-type%2Fdownload%2Ffile-type-16.5.0.tgz",
      "integrity": "sha1-FqJibzszusYS9ugeUiFvOnyOEqI=",
      "requires": {
        "readable-web-to-node-stream": "^3.0.0",
        "strtok3": "^6.0.3",
        "token-types": "^2.0.0"
      }
    },
    "frac": {
      "version": "1.1.2",
      "resolved": "https://registry.npm.taobao.org/frac/download/frac-1.1.2.tgz",
      "integrity": "sha1-PXT39keMiKG1AgMG10fcYxPHTQs="
    },
    "from": {
      "version": "0.1.7",
      "resolved": "https://registry.npm.taobao.org/from/download/from-0.1.7.tgz",
      "integrity": "sha1-g8YK/Fi5xWmXAH7Rp2izqzA6RP4="
    },
    "fs-constants": {
      "version": "1.0.0",
      "resolved": "https://registry.npm.taobao.org/fs-constants/download/fs-constants-1.0.0.tgz",
      "integrity": "sha1-a+Dem+mYzhavivwkSXue6bfM2a0="
    },
    "fs-extra": {
      "version": "9.1.0",
      "resolved": "https://registry.nlark.com/fs-extra/download/fs-extra-9.1.0.tgz?cache=0&sync_timestamp=1620079629006&other_urls=https%3A%2F%2Fregistry.nlark.com%2Ffs-extra%2Fdownload%2Ffs-extra-9.1.0.tgz",
      "integrity": "sha1-WVRGDHZKjaIJS6NVS/g55rmnyG0=",
      "requires": {
        "at-least-node": "^1.0.0",
        "graceful-fs": "^4.2.0",
        "jsonfile": "^6.0.1",
        "universalify": "^2.0.0"
      }
    },
    "get-stream": {
      "version": "2.3.1",
      "resolved": "https://registry.nlark.com/get-stream/download/get-stream-2.3.1.tgz",
      "integrity": "sha1-Xzj5PzRgCWZu4BUKBUFn+Rvdld4=",
      "requires": {
        "object-assign": "^4.0.1",
        "pinkie-promise": "^2.0.0"
      }
    },
    "graceful-fs": {
      "version": "4.2.6",
      "resolved": "https://registry.nlark.com/graceful-fs/download/graceful-fs-4.2.6.tgz?cache=0&sync_timestamp=1618846583240&other_urls=https%3A%2F%2Fregistry.nlark.com%2Fgraceful-fs%2Fdownload%2Fgraceful-fs-4.2.6.tgz",
      "integrity": "sha1-/wQLKwhTsjw9MQJ1I3BvGIXXa+4="
    },
    "ieee754": {
      "version": "1.2.1",
      "resolved": "https://registry.nlark.com/ieee754/download/ieee754-1.2.1.tgz",
      "integrity": "sha1-jrehCmP/8l0VpXsAFYbRd9Gw01I="
    },
    "inherits": {
      "version": "2.0.4",
      "resolved": "https://registry.nlark.com/inherits/download/inherits-2.0.4.tgz",
      "integrity": "sha1-D6LGT5MpF8NDOg3tVTY6rjdBa3w="
    },
    "is-natural-number": {
      "version": "4.0.1",
      "resolved": "https://registry.npm.taobao.org/is-natural-number/download/is-natural-number-4.0.1.tgz",
      "integrity": "sha1-q5124dtM7VHjXeDHLr7PCfc0zeg="
    },
    "is-stream": {
      "version": "1.1.0",
      "resolved": "https://registry.nlark.com/is-stream/download/is-stream-1.1.0.tgz",
      "integrity": "sha1-EtSj3U5o4Lec6428hBc66A2RykQ="
    },
    "isarray": {
      "version": "1.0.0",
      "resolved": "https://registry.npm.taobao.org/isarray/download/isarray-1.0.0.tgz",
      "integrity": "sha1-u5NdSFgsuhaMBoNJV6VKPgcSTxE="
    },
    "js-yaml": {
      "version": "4.1.0",
      "resolved": "https://registry.nlark.com/js-yaml/download/js-yaml-4.1.0.tgz?cache=0&sync_timestamp=1618846844115&other_urls=https%3A%2F%2Fregistry.nlark.com%2Fjs-yaml%2Fdownload%2Fjs-yaml-4.1.0.tgz",
      "integrity": "sha1-wftl+PUBeQHN0slRhkuhhFihBgI=",
      "requires": {
        "argparse": "^2.0.1"
      }
    },
    "jsonfile": {
      "version": "6.1.0",
      "resolved": "https://registry.nlark.com/jsonfile/download/jsonfile-6.1.0.tgz?cache=0&sync_timestamp=1618846895804&other_urls=https%3A%2F%2Fregistry.nlark.com%2Fjsonfile%2Fdownload%2Fjsonfile-6.1.0.tgz",
      "integrity": "sha1-vFWyY0eTxnnsZAMJTrE2mKbsCq4=",
      "requires": {
        "graceful-fs": "^4.1.6",
        "universalify": "^2.0.0"
      }
    },
    "jszip": {
      "version": "2.5.0",
      "resolved": "https://registry.nlark.com/jszip/download/jszip-2.5.0.tgz",
      "integrity": "sha1-dET9hVHd8+XacZj+oMkbyDCMwnQ=",
      "requires": {
        "pako": "~0.2.5"
      }
    },
    "lodash": {
      "version": "4.17.21",
      "resolved": "https://registry.nlark.com/lodash/download/lodash-4.17.21.tgz",
      "integrity": "sha1-Z5WRxWTDv/quhFTPCz3zcMPWkRw="
    },
    "lop": {
      "version": "0.4.1",
      "resolved": "https://registry.nlark.com/lop/download/lop-0.4.1.tgz",
      "integrity": "sha1-dE8Wlu9IDmjOGUf+VXsJ21rypzg=",
      "requires": {
        "duck": "^0.1.12",
        "option": "~0.2.1",
        "underscore": "^1.13.1"
      }
    },
    "make-dir": {
      "version": "1.3.0",
      "resolved": "https://registry.nlark.com/make-dir/download/make-dir-1.3.0.tgz",
      "integrity": "sha1-ecEDO4BRW9bSTsmTPoYMp17ifww=",
      "requires": {
        "pify": "^3.0.0"
      },
      "dependencies": {
        "pify": {
          "version": "3.0.0",
          "resolved": "https://registry.nlark.com/pify/download/pify-3.0.0.tgz",
          "integrity": "sha1-5aSs0sEB/fPZpNB/DbxNtJ3SgXY="
        }
      }
    },
    "mammoth": {
      "version": "1.4.17",
      "resolved": "https://registry.nlark.com/mammoth/download/mammoth-1.4.17.tgz",
      "integrity": "sha1-o7QRtYi59ORjWCOt7ei5eYzvk8Q=",
      "requires": {
        "argparse": "~1.0.3",
        "bluebird": "~3.4.0",
        "dingbat-to-unicode": "^1.0.1",
        "jszip": "~2.5.0",
        "lop": "^0.4.1",
        "path-is-absolute": "^1.0.0",
        "sax": "~1.1.1",
        "underscore": "^1.13.1",
        "xmlbuilder": "^10.0.0"
      },
      "dependencies": {
        "argparse": {
          "version": "1.0.10",
          "resolved": "https://registry.npm.taobao.org/argparse/download/argparse-1.0.10.tgz",
          "integrity": "sha1-vNZ5HqWuCXJeF+WtmIE0zUCz2RE=",
          "requires": {
            "sprintf-js": "~1.0.2"
          }
        }
      }
    },
    "map-stream": {
      "version": "0.0.7",
      "resolved": "https://registry.npm.taobao.org/map-stream/download/map-stream-0.0.7.tgz",
      "integrity": "sha1-ih8HiW2CsQkmvTdEokIACfiJdKg="
    },
    "ms": {
      "version": "2.1.3",
      "resolved": "https://registry.nlark.com/ms/download/ms-2.1.3.tgz",
      "integrity": "sha1-V0yBOM4dK1hh8LRFedut1gxmFbI="
    },
    "node-ensure": {
      "version": "0.0.0",
      "resolved": "https://registry.npm.taobao.org/node-ensure/download/node-ensure-0.0.0.tgz",
      "integrity": "sha1-7K52QVDemYYexcgQ/V0Jaxg5Mqc="
    },
    "node-stream-zip": {
      "version": "1.13.6",
      "resolved": "https://registry.nlark.com/node-stream-zip/download/node-stream-zip-1.13.6.tgz",
      "integrity": "sha1-ir39vEvJbuEelDjZTMjJPH3yiVk="
    },
    "object-assign": {
      "version": "4.1.1",
      "resolved": "https://registry.nlark.com/object-assign/download/object-assign-4.1.1.tgz?cache=0&sync_timestamp=1618847040491&other_urls=https%3A%2F%2Fregistry.nlark.com%2Fobject-assign%2Fdownload%2Fobject-assign-4.1.1.tgz",
      "integrity": "sha1-IQmtx5ZYh8/AXLvUQsrIv7s2CGM="
    },
    "office-text-extractor": {
      "version": "1.5.0",
      "resolved": "https://registry.nlark.com/office-text-extractor/download/office-text-extractor-1.5.0.tgz",
      "integrity": "sha1-hG25Y/Q2TNcO7q4+9W1tx1prGKo=",
      "requires": {
        "decompress": "^4.2.1",
        "file-type": "^16.5.0",
        "fs-extra": "^9.1.0",
        "js-yaml": "^4.1.0",
        "mammoth": "^1.4.17",
        "pdf-parse": "^1.1.1",
        "read-chunk": "^3.2.0",
        "xlsx": "^0.16.9",
        "xml2js": "^0.4.23"
      }
    },
    "once": {
      "version": "1.4.0",
      "resolved": "https://registry.nlark.com/once/download/once-1.4.0.tgz",
      "integrity": "sha1-WDsap3WWHUsROsF9nFC6753Xa9E=",
      "requires": {
        "wrappy": "1"
      }
    },
    "option": {
      "version": "0.2.4",
      "resolved": "https://registry.npm.taobao.org/option/download/option-0.2.4.tgz",
      "integrity": "sha1-/Udc35jcq7PLOXo7pShP60Xtv+Q="
    },
    "p-finally": {
      "version": "1.0.0",
      "resolved": "https://registry.nlark.com/p-finally/download/p-finally-1.0.0.tgz",
      "integrity": "sha1-P7z7FbiZpEEjs0ttzBi3JDNqLK4="
    },
    "p-try": {
      "version": "2.2.0",
      "resolved": "https://registry.nlark.com/p-try/download/p-try-2.2.0.tgz",
      "integrity": "sha1-yyhoVA4xPWHeWPr741zpAE1VQOY="
    },
    "pako": {
      "version": "0.2.9",
      "resolved": "https://registry.nlark.com/pako/download/pako-0.2.9.tgz",
      "integrity": "sha1-8/dSL073gjSNqBYbrZ7P1Rv4OnU="
    },
    "path-is-absolute": {
      "version": "1.0.1",
      "resolved": "https://registry.npm.taobao.org/path-is-absolute/download/path-is-absolute-1.0.1.tgz",
      "integrity": "sha1-F0uSaHNVNP+8es5r9TpanhtcX18="
    },
    "pause-stream": {
      "version": "0.0.11",
      "resolved": "https://registry.npm.taobao.org/pause-stream/download/pause-stream-0.0.11.tgz",
      "integrity": "sha1-/lo0sMvOErWqaitAPuLnO2AvFEU=",
      "requires": {
        "through": "~2.3"
      }
    },
    "pdf-parse": {
      "version": "1.1.1",
      "resolved": "https://registry.nlark.com/pdf-parse/download/pdf-parse-1.1.1.tgz",
      "integrity": "sha1-dF4HQIZ5VIs5lf+Jb9OOluGdFKc=",
      "requires": {
        "debug": "^3.1.0",
        "node-ensure": "^0.0.0"
      }
    },
    "pdf2json": {
      "version": "1.2.1",
      "resolved": "https://registry.nlark.com/pdf2json/download/pdf2json-1.2.1.tgz",
      "integrity": "sha1-eJt7FLow/ChzRPafH914uUELMPs=",
      "requires": {
        "async": "^3.2.0",
        "lodash": "^4.17.20",
        "optimist": "^0.6.1",
        "xmldom": "^0.5.0"
      },
      "dependencies": {
        "async": {
          "version": "3.2.0",
          "bundled": true
        },
        "minimist": {
          "version": "0.0.10",
          "bundled": true
        },
        "optimist": {
          "version": "0.6.1",
          "bundled": true,
          "requires": {
            "minimist": "~0.0.1",
            "wordwrap": "~0.0.2"
          }
        },
        "wordwrap": {
          "version": "0.0.3",
          "bundled": true
        }
      }
    },
    "pdf2txt": {
      "version": "0.1.1",
      "resolved": "https://registry.nlark.com/pdf2txt/download/pdf2txt-0.1.1.tgz",
      "integrity": "sha1-Fy8tNXvgF1sfMT4pPl5/+Nl8mus=",
      "requires": {
        "file-type": "^10.7.0",
        "pdfreader": "^1.0.0",
        "read-chunk": "^3.0.0"
      },
      "dependencies": {
        "file-type": {
          "version": "10.11.0",
          "resolved": "https://registry.nlark.com/file-type/download/file-type-10.11.0.tgz?cache=0&sync_timestamp=1622181815948&other_urls=https%3A%2F%2Fregistry.nlark.com%2Ffile-type%2Fdownload%2Ffile-type-10.11.0.tgz",
          "integrity": "sha1-KWHQnkZ1ufuaPua2npzSP0P9GJA="
        }
      }
    },
    "pdfreader": {
      "version": "1.2.10",
      "resolved": "https://registry.nlark.com/pdfreader/download/pdfreader-1.2.10.tgz",
      "integrity": "sha1-TLBaPBVdaKY43XozWlC5JqetyMw=",
      "requires": {
        "pdf2json": "1.2.1"
      }
    },
    "peek-readable": {
      "version": "3.1.4",
      "resolved": "https://registry.nlark.com/peek-readable/download/peek-readable-3.1.4.tgz",
      "integrity": "sha1-9cO0Gk7rY6EyLEEx8LW6xxBbiS4="
    },
    "pend": {
      "version": "1.2.0",
      "resolved": "https://registry.nlark.com/pend/download/pend-1.2.0.tgz",
      "integrity": "sha1-elfrVQpng/kRUzH89GY9XI4AelA="
    },
    "pify": {
      "version": "2.3.0",
      "resolved": "https://registry.nlark.com/pify/download/pify-2.3.0.tgz",
      "integrity": "sha1-7RQaasBDqEnqWISY59yosVMw6Qw="
    },
    "pinkie": {
      "version": "2.0.4",
      "resolved": "https://registry.nlark.com/pinkie/download/pinkie-2.0.4.tgz",
      "integrity": "sha1-clVrgM+g1IqXToDnckjoDtT3+HA="
    },
    "pinkie-promise": {
      "version": "2.0.1",
      "resolved": "https://registry.nlark.com/pinkie-promise/download/pinkie-promise-2.0.1.tgz",
      "integrity": "sha1-ITXW36ejWMBprJsXh3YogihFD/o=",
      "requires": {
        "pinkie": "^2.0.0"
      }
    },
    "printj": {
      "version": "1.1.2",
      "resolved": "https://registry.npm.taobao.org/printj/download/printj-1.1.2.tgz",
      "integrity": "sha1-2Q3rKXWoufYA+zoclOP0xTx4oiI="
    },
    "process-nextick-args": {
      "version": "2.0.1",
      "resolved": "https://registry.npm.taobao.org/process-nextick-args/download/process-nextick-args-2.0.1.tgz",
      "integrity": "sha1-eCDZsWEgzFXKmud5JoCufbptf+I="
    },
    "read-chunk": {
      "version": "3.2.0",
      "resolved": "https://registry.npm.taobao.org/read-chunk/download/read-chunk-3.2.0.tgz",
      "integrity": "sha1-KYSv54ypv7vbdLGTh7+ehiicFso=",
      "requires": {
        "pify": "^4.0.1",
        "with-open-file": "^0.1.6"
      },
      "dependencies": {
        "pify": {
          "version": "4.0.1",
          "resolved": "https://registry.nlark.com/pify/download/pify-4.0.1.tgz",
          "integrity": "sha1-SyzSXFDVmHNcUCkiJP2MbfQeMjE="
        }
      }
    },
    "readable-stream": {
      "version": "2.3.7",
      "resolved": "https://registry.nlark.com/readable-stream/download/readable-stream-2.3.7.tgz",
      "integrity": "sha1-Hsoc9xGu+BTAT2IlKjamL2yyO1c=",
      "requires": {
        "core-util-is": "~1.0.0",
        "inherits": "~2.0.3",
        "isarray": "~1.0.0",
        "process-nextick-args": "~2.0.0",
        "safe-buffer": "~5.1.1",
        "string_decoder": "~1.1.1",
        "util-deprecate": "~1.0.1"
      },
      "dependencies": {
        "safe-buffer": {
          "version": "5.1.2",
          "resolved": "https://registry.npm.taobao.org/safe-buffer/download/safe-buffer-5.1.2.tgz?cache=0&sync_timestamp=1589683901735&other_urls=https%3A%2F%2Fregistry.npm.taobao.org%2Fsafe-buffer%2Fdownload%2Fsafe-buffer-5.1.2.tgz",
          "integrity": "sha1-mR7GnSluAxN0fVm9/St0XDX4go0="
        }
      }
    },
    "readable-web-to-node-stream": {
      "version": "3.0.2",
      "resolved": "https://registry.nlark.com/readable-web-to-node-stream/download/readable-web-to-node-stream-3.0.2.tgz",
      "integrity": "sha1-XVK7Xfe1SGH9SNAV6TosuHs+4Ls=",
      "requires": {
        "readable-stream": "^3.6.0"
      },
      "dependencies": {
        "readable-stream": {
          "version": "3.6.0",
          "resolved": "https://registry.nlark.com/readable-stream/download/readable-stream-3.6.0.tgz",
          "integrity": "sha1-M3u9o63AcGvT4CRCaihtS0sskZg=",
          "requires": {
            "inherits": "^2.0.3",
            "string_decoder": "^1.1.1",
            "util-deprecate": "^1.0.1"
          }
        }
      }
    },
    "safe-buffer": {
      "version": "5.2.1",
      "resolved": "https://registry.npm.taobao.org/safe-buffer/download/safe-buffer-5.2.1.tgz?cache=0&sync_timestamp=1589683901735&other_urls=https%3A%2F%2Fregistry.npm.taobao.org%2Fsafe-buffer%2Fdownload%2Fsafe-buffer-5.2.1.tgz",
      "integrity": "sha1-Hq+fqb2x/dTsdfWPnNtOa3gn7sY="
    },
    "sax": {
      "version": "1.1.6",
      "resolved": "https://registry.npm.taobao.org/sax/download/sax-1.1.6.tgz",
      "integrity": "sha1-XWFr6KXmB9VOEUr65Vt+ry/MMkA="
    },
    "seek-bzip": {
      "version": "1.0.6",
      "resolved": "https://registry.nlark.com/seek-bzip/download/seek-bzip-1.0.6.tgz",
      "integrity": "sha1-NcQXH1WmgJFrUqB4WezztYV/IcQ=",
      "requires": {
        "commander": "^2.8.1"
      }
    },
    "split": {
      "version": "1.0.1",
      "resolved": "https://registry.npm.taobao.org/split/download/split-1.0.1.tgz",
      "integrity": "sha1-YFvZvjA6pZ+zX5Ip++oN3snqB9k=",
      "requires": {
        "through": "2"
      }
    },
    "sprintf-js": {
      "version": "1.0.3",
      "resolved": "https://registry.nlark.com/sprintf-js/download/sprintf-js-1.0.3.tgz",
      "integrity": "sha1-BOaSb2YolTVPPdAVIDYzuFcpfiw="
    },
    "ssf": {
      "version": "0.11.2",
      "resolved": "https://registry.npm.taobao.org/ssf/download/ssf-0.11.2.tgz",
      "integrity": "sha1-C5lpiyN1SNCI/EPN8rcMGnUSwGw=",
      "requires": {
        "frac": "~1.1.2"
      }
    },
    "stream-combiner": {
      "version": "0.2.2",
      "resolved": "https://registry.npm.taobao.org/stream-combiner/download/stream-combiner-0.2.2.tgz",
      "integrity": "sha1-rsjLrBd7Vrb0+kec7YwZEs7lKFg=",
      "requires": {
        "duplexer": "~0.1.1",
        "through": "~2.3.4"
      }
    },
    "string_decoder": {
      "version": "1.1.1",
      "resolved": "https://registry.nlark.com/string_decoder/download/string_decoder-1.1.1.tgz",
      "integrity": "sha1-nPFhG6YmhdcDCunkujQUnDrwP8g=",
      "requires": {
        "safe-buffer": "~5.1.0"
      },
      "dependencies": {
        "safe-buffer": {
          "version": "5.1.2",
          "resolved": "https://registry.npm.taobao.org/safe-buffer/download/safe-buffer-5.1.2.tgz?cache=0&sync_timestamp=1589683901735&other_urls=https%3A%2F%2Fregistry.npm.taobao.org%2Fsafe-buffer%2Fdownload%2Fsafe-buffer-5.1.2.tgz",
          "integrity": "sha1-mR7GnSluAxN0fVm9/St0XDX4go0="
        }
      }
    },
    "strip-dirs": {
      "version": "2.1.0",
      "resolved": "https://registry.npm.taobao.org/strip-dirs/download/strip-dirs-2.1.0.tgz",
      "integrity": "sha1-SYdzYmT8NEzyD2w0rKnRPR1O1sU=",
      "requires": {
        "is-natural-number": "^4.0.1"
      }
    },
    "strtok3": {
      "version": "6.1.3",
      "resolved": "https://registry.nlark.com/strtok3/download/strtok3-6.1.3.tgz",
      "integrity": "sha1-SI/oypFmTPk0MslHUrqeXHhb2d0=",
      "requires": {
        "@tokenizer/token": "^0.1.1",
        "peek-readable": "^3.1.4"
      }
    },
    "tar-stream": {
      "version": "1.6.2",
      "resolved": "https://registry.npm.taobao.org/tar-stream/download/tar-stream-1.6.2.tgz?cache=0&sync_timestamp=1609236252975&other_urls=https%3A%2F%2Fregistry.npm.taobao.org%2Ftar-stream%2Fdownload%2Ftar-stream-1.6.2.tgz",
      "integrity": "sha1-jqVdqzeXIlPZqa+Q/c1VmuQ1xVU=",
      "requires": {
        "bl": "^1.0.0",
        "buffer-alloc": "^1.2.0",
        "end-of-stream": "^1.0.0",
        "fs-constants": "^1.0.0",
        "readable-stream": "^2.3.0",
        "to-buffer": "^1.1.1",
        "xtend": "^4.0.0"
      }
    },
    "through": {
      "version": "2.3.8",
      "resolved": "https://registry.npm.taobao.org/through/download/through-2.3.8.tgz",
      "integrity": "sha1-DdTJ/6q8NXlgsbckEV1+Doai4fU="
    },
    "to-buffer": {
      "version": "1.1.1",
      "resolved": "https://registry.npm.taobao.org/to-buffer/download/to-buffer-1.1.1.tgz",
      "integrity": "sha1-STvUj2LXxD/N7TE6A9ytsuEhOoA="
    },
    "token-types": {
      "version": "2.1.1",
      "resolved": "https://registry.nlark.com/token-types/download/token-types-2.1.1.tgz",
      "integrity": "sha1-vVhdZJAqr3ILiXnSV7S4ULTUXEU=",
      "requires": {
        "@tokenizer/token": "^0.1.1",
        "ieee754": "^1.2.1"
      }
    },
    "unbzip2-stream": {
      "version": "1.4.3",
      "resolved": "https://registry.nlark.com/unbzip2-stream/download/unbzip2-stream-1.4.3.tgz",
      "integrity": "sha1-sNoExDcTEd93HNwhXofyEwmRrOc=",
      "requires": {
        "buffer": "^5.2.1",
        "through": "^2.3.8"
      }
    },
    "underscore": {
      "version": "1.13.1",
      "resolved": "https://registry.npm.taobao.org/underscore/download/underscore-1.13.1.tgz",
      "integrity": "sha1-DBxr0t9UtrafIxQGbWW2zeb8+dE="
    },
    "universalify": {
      "version": "2.0.0",
      "resolved": "https://registry.npm.taobao.org/universalify/download/universalify-2.0.0.tgz?cache=0&sync_timestamp=1603180081906&other_urls=https%3A%2F%2Fregistry.npm.taobao.org%2Funiversalify%2Fdownload%2Funiversalify-2.0.0.tgz",
      "integrity": "sha1-daSYTv7cSwiXXFrrc/Uw0C3yVxc="
    },
    "util-deprecate": {
      "version": "1.0.2",
      "resolved": "https://registry.npm.taobao.org/util-deprecate/download/util-deprecate-1.0.2.tgz",
      "integrity": "sha1-RQ1Nyfpw3nMnYvvS1KKJgUGaDM8="
    },
    "with-open-file": {
      "version": "0.1.7",
      "resolved": "https://registry.npm.taobao.org/with-open-file/download/with-open-file-0.1.7.tgz",
      "integrity": "sha1-4t6Nl06KiubliIa+T+jnRltYpyk=",
      "requires": {
        "p-finally": "^1.0.0",
        "p-try": "^2.1.0",
        "pify": "^4.0.1"
      },
      "dependencies": {
        "pify": {
          "version": "4.0.1",
          "resolved": "https://registry.nlark.com/pify/download/pify-4.0.1.tgz",
          "integrity": "sha1-SyzSXFDVmHNcUCkiJP2MbfQeMjE="
        }
      }
    },
    "wmf": {
      "version": "1.0.2",
      "resolved": "https://registry.npm.taobao.org/wmf/download/wmf-1.0.2.tgz",
      "integrity": "sha1-fRnWIQcaCMK9xrfmiKnENSmMwto="
    },
    "word": {
      "version": "0.3.0",
      "resolved": "https://registry.npm.taobao.org/word/download/word-0.3.0.tgz",
      "integrity": "sha1-hUIVfk+OhJ9KNjooiZLUdhLbmWE="
    },
    "word-extractor": {
      "version": "0.3.0",
      "resolved": "https://registry.nlark.com/word-extractor/download/word-extractor-0.3.0.tgz",
      "integrity": "sha1-7aVEwtEBggNalHuBFWjcd4KK9oA=",
      "requires": {
        "async": "^1.5.2",
        "event-stream": "^3.3.4",
        "underscore": "^1.8.3"
      }
    },
    "wrappy": {
      "version": "1.0.2",
      "resolved": "https://registry.nlark.com/wrappy/download/wrappy-1.0.2.tgz",
      "integrity": "sha1-tSQ9jz7BqjXxNkYFvA0QNuMKtp8="
    },
    "xlsx": {
      "version": "0.16.9",
      "resolved": "https://registry.nlark.com/xlsx/download/xlsx-0.16.9.tgz?cache=0&sync_timestamp=1620933307768&other_urls=https%3A%2F%2Fregistry.nlark.com%2Fxlsx%2Fdownload%2Fxlsx-0.16.9.tgz",
      "integrity": "sha1-2s1btGvabdN0OUDJw9weIXGCYlY=",
      "requires": {
        "adler-32": "~1.2.0",
        "cfb": "^1.1.4",
        "codepage": "~1.14.0",
        "commander": "~2.17.1",
        "crc-32": "~1.2.0",
        "exit-on-epipe": "~1.0.1",
        "fflate": "^0.3.8",
        "ssf": "~0.11.2",
        "wmf": "~1.0.1",
        "word": "~0.3.0"
      }
    },
    "xml2js": {
      "version": "0.4.23",
      "resolved": "https://registry.npm.taobao.org/xml2js/download/xml2js-0.4.23.tgz",
      "integrity": "sha1-oMaVFnUkIesqx1juTUzPWIQ+rGY=",
      "requires": {
        "sax": ">=0.6.0",
        "xmlbuilder": "~11.0.0"
      },
      "dependencies": {
        "xmlbuilder": {
          "version": "11.0.1",
          "resolved": "https://registry.nlark.com/xmlbuilder/download/xmlbuilder-11.0.1.tgz",
          "integrity": "sha1-vpuuHIoEbnazESdyY0fQrXACvrM="
        }
      }
    },
    "xmlbuilder": {
      "version": "10.1.1",
      "resolved": "https://registry.nlark.com/xmlbuilder/download/xmlbuilder-10.1.1.tgz",
      "integrity": "sha1-jK5miMybONhQt8jTwKQWHcr0dbA="
    },
    "xmldom": {
      "version": "0.5.0",
      "resolved": "https://registry.nlark.com/xmldom/download/xmldom-0.5.0.tgz",
      "integrity": "sha1-GTy5a4SqNIYSfqYnLEWWNUy0li4="
    },
    "xtend": {
      "version": "4.0.2",
      "resolved": "https://registry.nlark.com/xtend/download/xtend-4.0.2.tgz",
      "integrity": "sha1-u3J3n1+kZRhrH0OPZ0+jR/2121Q="
    },
    "yauzl": {
      "version": "2.10.0",
      "resolved": "https://registry.npm.taobao.org/yauzl/download/yauzl-2.10.0.tgz",
      "integrity": "sha1-x+sXyT4RLLEIb6bY5R+wZnt5pfk=",
      "requires": {
        "buffer-crc32": "~0.2.3",
        "fd-slicer": "~1.1.0"
      }
    }
  }
}
